
Microsoft Visual Studio Solution File, Format Version 12.00
# Visual Studio Version 17
VisualStudioVersion = 17.14.36811.4 d17.14
MinimumVisualStudioVersion = 10.0.40219.1
Project("{FAE04EC0-301F-11D3-BF4B-00C04F79EFBC}") = "卫星轨道预报_Cullen", "卫星轨道预报_Cullen.csproj", "{DB152B69-D30F-4313-A880-35B7550FFC6E}"
EndProject
Global
	GlobalSection(SolutionConfigurationPlatforms) = preSolution
		Debug|Any CPU = Debug|Any CPU
		Release|Any CPU = Release|Any CPU
	EndGlobalSection
	GlobalSection(ProjectConfigurationPlatforms) = postSolution
		{DB152B69-D30F-4313-A880-35B7550FFC6E}.Debug|Any CPU.ActiveCfg = Debug|Any CPU
		{DB152B69-D30F-4313-A880-35B7550FFC6E}.Debug|Any CPU.Build.0 = Debug|Any CPU
		{DB152B69-D30F-4313-A880-35B7550FFC6E}.Release|Any CPU.ActiveCfg = Release|Any CPU
		{DB152B69-D30F-4313-A880-35B7550FFC6E}.Release|Any CPU.Build.0 = Release|Any CPU
	EndGlobalSection
	GlobalSection(SolutionProperties) = preSolution
		HideSolutionNode = FALSE
	EndGlobalSection
	GlobalSection(ExtensibilityGlobals) = postSolution
		SolutionGuid = {64CBB08F-F360-43FC-B2FB-7589E80504B1}
	EndGlobalSection
EndGlobal
