
Microsoft Visual Studio Solution File, Format Version 12.00
# Visual Studio Version 17
VisualStudioVersion = 17.14.36811.4 d17.14
MinimumVisualStudioVersion = 10.0.40219.1
Project("{FAE04EC0-301F-11D3-BF4B-00C04F79EFBC}") = "试题10电离层改正", "试题10电离层改正.csproj", "{943637C9-E94C-4849-B777-5CC687FE5A88}"
EndProject
Global
	GlobalSection(SolutionConfigurationPlatforms) = preSolution
		Debug|Any CPU = Debug|Any CPU
		Release|Any CPU = Release|Any CPU
	EndGlobalSection
	GlobalSection(ProjectConfigurationPlatforms) = postSolution
		{943637C9-E94C-4849-B777-5CC687FE5A88}.Debug|Any CPU.ActiveCfg = Debug|Any CPU
		{943637C9-E94C-4849-B777-5CC687FE5A88}.Debug|Any CPU.Build.0 = Debug|Any CPU
		{943637C9-E94C-4849-B777-5CC687FE5A88}.Release|Any CPU.ActiveCfg = Release|Any CPU
		{943637C9-E94C-4849-B777-5CC687FE5A88}.Release|Any CPU.Build.0 = Release|Any CPU
	EndGlobalSection
	GlobalSection(SolutionProperties) = preSolution
		HideSolutionNode = FALSE
	EndGlobalSection
	GlobalSection(ExtensibilityGlobals) = postSolution
		SolutionGuid = {9A2938CE-19EE-4661-909E-5E2BF8153FFE}
	EndGlobalSection
EndGlobal
