
Microsoft Visual Studio Solution File, Format Version 12.00
# Visual Studio Version 17
VisualStudioVersion = 17.14.36811.4 d17.14
MinimumVisualStudioVersion = 10.0.40219.1
Project("{FAE04EC0-301F-11D3-BF4B-00C04F79EFBC}") = "试题1出租车轨道数据计算_Cullen", "试题1出租车轨道数据计算_Cullen.csproj", "{E3281CE1-A300-4810-8265-ACF96E371613}"
EndProject
Global
	GlobalSection(SolutionConfigurationPlatforms) = preSolution
		Debug|Any CPU = Debug|Any CPU
		Release|Any CPU = Release|Any CPU
	EndGlobalSection
	GlobalSection(ProjectConfigurationPlatforms) = postSolution
		{E3281CE1-A300-4810-8265-ACF96E371613}.Debug|Any CPU.ActiveCfg = Debug|Any CPU
		{E3281CE1-A300-4810-8265-ACF96E371613}.Debug|Any CPU.Build.0 = Debug|Any CPU
		{E3281CE1-A300-4810-8265-ACF96E371613}.Release|Any CPU.ActiveCfg = Release|Any CPU
		{E3281CE1-A300-4810-8265-ACF96E371613}.Release|Any CPU.Build.0 = Release|Any CPU
	EndGlobalSection
	GlobalSection(SolutionProperties) = preSolution
		HideSolutionNode = FALSE
	EndGlobalSection
	GlobalSection(ExtensibilityGlobals) = postSolution
		SolutionGuid = {7293A9EB-FD59-4019-802A-ACE3A1DD3254}
	EndGlobalSection
EndGlobal
