
Microsoft Visual Studio Solution File, Format Version 12.00
# Visual Studio Version 17
VisualStudioVersion = 17.14.36811.4 d17.14
MinimumVisualStudioVersion = 10.0.40219.1
Project("{FAE04EC0-301F-11D3-BF4B-00C04F79EFBC}") = "试题11对流层改正", "试题11对流层改正.csproj", "{ED26DECC-F99C-4ECE-B7CC-AFD94845420C}"
EndProject
Global
	GlobalSection(SolutionConfigurationPlatforms) = preSolution
		Debug|Any CPU = Debug|Any CPU
		Release|Any CPU = Release|Any CPU
	EndGlobalSection
	GlobalSection(ProjectConfigurationPlatforms) = postSolution
		{ED26DECC-F99C-4ECE-B7CC-AFD94845420C}.Debug|Any CPU.ActiveCfg = Debug|Any CPU
		{ED26DECC-F99C-4ECE-B7CC-AFD94845420C}.Debug|Any CPU.Build.0 = Debug|Any CPU
		{ED26DECC-F99C-4ECE-B7CC-AFD94845420C}.Release|Any CPU.ActiveCfg = Release|Any CPU
		{ED26DECC-F99C-4ECE-B7CC-AFD94845420C}.Release|Any CPU.Build.0 = Release|Any CPU
	EndGlobalSection
	GlobalSection(SolutionProperties) = preSolution
		HideSolutionNode = FALSE
	EndGlobalSection
	GlobalSection(ExtensibilityGlobals) = postSolution
		SolutionGuid = {5274ADD2-A533-42D6-9C7B-D6B0B815ECBD}
	EndGlobalSection
EndGlobal
