
Microsoft Visual Studio Solution File, Format Version 12.00
# Visual Studio Version 17
VisualStudioVersion = 17.14.36811.4 d17.14
MinimumVisualStudioVersion = 10.0.40219.1
Project("{FAE04EC0-301F-11D3-BF4B-00C04F79EFBC}") = "试题3线状要素数据", "试题3线状要素数据.csproj", "{FA645D0B-FEBC-4B70-A83F-9AB3582BA9C7}"
EndProject
Global
	GlobalSection(SolutionConfigurationPlatforms) = preSolution
		Debug|Any CPU = Debug|Any CPU
		Release|Any CPU = Release|Any CPU
	EndGlobalSection
	GlobalSection(ProjectConfigurationPlatforms) = postSolution
		{FA645D0B-FEBC-4B70-A83F-9AB3582BA9C7}.Debug|Any CPU.ActiveCfg = Debug|Any CPU
		{FA645D0B-FEBC-4B70-A83F-9AB3582BA9C7}.Debug|Any CPU.Build.0 = Debug|Any CPU
		{FA645D0B-FEBC-4B70-A83F-9AB3582BA9C7}.Release|Any CPU.ActiveCfg = Release|Any CPU
		{FA645D0B-FEBC-4B70-A83F-9AB3582BA9C7}.Release|Any CPU.Build.0 = Release|Any CPU
	EndGlobalSection
	GlobalSection(SolutionProperties) = preSolution
		HideSolutionNode = FALSE
	EndGlobalSection
	GlobalSection(ExtensibilityGlobals) = postSolution
		SolutionGuid = {D4F32CD0-B2E4-4AF1-B13A-0D98CCDC6A78}
	EndGlobalSection
EndGlobal
